# @generated - this file is auto-generated by `mise lock` https://mise.jdx.dev/dev-tools/mise-lock.html

[[tools.biome]]
version = "2.5.6"
backend = "aqua:biomejs/biome"

[tools.biome."platforms.linux-arm64"]
checksum = "sha256:be5850727c7ef88516bf0495d345b50bf0e3507c361e912bf24f7329930ea22c"
url = "https://github.com/biomejs/biome/releases/download/%40biomejs/biome%402.5.6/biome-linux-arm64"
url_api = "https://api.github.com/repos/biomejs/biome/releases/assets/492555464"
provenance = "github-attestations"

[tools.biome."platforms.linux-arm64-musl"]
checksum = "sha256:35f069cdb2977bcc47fb9e9d71f3e07784dd280772cb9fca23c24c9c228ac7f1"
url = "https://github.com/biomejs/biome/releases/download/%40biomejs/biome%402.5.6/biome-linux-arm64-musl"
url_api = "https://api.github.com/repos/biomejs/biome/releases/assets/492555465"
provenance = "github-attestations"

[tools.biome."platforms.linux-x64"]
checksum = "sha256:3cc9a0c3fa26ac26a89e8a3b203c010c9ae88e36f69a2679e79981f267ce9d57"
url = "https://github.com/biomejs/biome/releases/download/%40biomejs/biome%402.5.6/biome-linux-x64"
url_api = "https://api.github.com/repos/biomejs/biome/releases/assets/492555463"
provenance = "github-attestations"

[tools.biome."platforms.linux-x64-musl"]
checksum = "sha256:108f8d177e963fafb684f9b9c96361bc4e137450a97f5b19139d80203ce7d966"
url = "https://github.com/biomejs/biome/releases/download/%40biomejs/biome%402.5.6/biome-linux-x64-musl"
url_api = "https://api.github.com/repos/biomejs/biome/releases/assets/492555467"
provenance = "github-attestations"

[tools.biome."platforms.macos-arm64"]
checksum = "sha256:5dba813a5ee1bd2749b9f3ee020e1f42d3fbd8fda7ed1d5d4df23fdb87e76579"
url = "https://github.com/biomejs/biome/releases/download/%40biomejs/biome%402.5.6/biome-darwin-arm64"
url_api = "https://api.github.com/repos/biomejs/biome/releases/assets/492555462"
provenance = "github-attestations"

[tools.biome."platforms.macos-x64"]
checksum = "sha256:02f773b007e5ebe6b40f35e8999bd9c24eaa8dd5231dcab610bc1a17ef17b1b6"
url = "https://github.com/biomejs/biome/releases/download/%40biomejs/biome%402.5.6/biome-darwin-x64"
url_api = "https://api.github.com/repos/biomejs/biome/releases/assets/492555466"
provenance = "github-attestations"

[tools.biome."platforms.windows-x64"]
checksum = "sha256:47b7c8f59181870782dbeb26bfa45a51229a277ffd458f5cf852dc96dfd3999c"
url = "https://github.com/biomejs/biome/releases/download/%40biomejs/biome%402.5.6/biome-win32-x64.exe"
url_api = "https://api.github.com/repos/biomejs/biome/releases/assets/492555468"
provenance = "github-attestations"

[[tools.bun]]
version = "1.3.14"
backend = "core:bun"

[tools.bun."platforms.linux-arm64"]
checksum = "sha256:a27ffb63a8310375836e0d6f668ae17fa8d8d18b88c37c821c65331973a19a3b"
url = "https://github.com/oven-sh/bun/releases/download/bun-v1.3.14/bun-linux-aarch64.zip"

[tools.bun."platforms.linux-arm64-musl"]
checksum = "sha256:b98e0ad3625c5c00d1d5b5ff55605c7adddbfae151861e68ade57b2d3b8703bb"
url = "https://github.com/oven-sh/bun/releases/download/bun-v1.3.14/bun-linux-aarch64-musl.zip"

[tools.bun."platforms.linux-x64"]
checksum = "sha256:951ee2aee855f08595aeec6225226a298d3fea83a3dcd6465c09cbccdf7e848f"
url = "https://github.com/oven-sh/bun/releases/download/bun-v1.3.14/bun-linux-x64.zip"

[tools.bun."platforms.linux-x64-baseline"]
checksum = "sha256:a063908ae08b7852ca10939bbdc6ceed3ddabce8fb9402dce83d65d73b36e6c7"
url = "https://github.com/oven-sh/bun/releases/download/bun-v1.3.14/bun-linux-x64-baseline.zip"

[tools.bun."platforms.linux-x64-musl"]
checksum = "sha256:14bd9aedeebf1dba67e8def9531c89bc989ecfdf1de42e5bfcaf1b8cd9294719"
url = "https://github.com/oven-sh/bun/releases/download/bun-v1.3.14/bun-linux-x64-musl.zip"

[tools.bun."platforms.linux-x64-musl-baseline"]
checksum = "sha256:56a7d6806cf155536c0178f0ea5fbd098e684fa509ebdb4fc0a7e19fb65382dc"
url = "https://github.com/oven-sh/bun/releases/download/bun-v1.3.14/bun-linux-x64-musl-baseline.zip"

[tools.bun."platforms.macos-arm64"]
checksum = "sha256:d8b96221828ad6f97ac7ac0ab7e95872341af763001e8803e8267652c2652620"
url = "https://github.com/oven-sh/bun/releases/download/bun-v1.3.14/bun-darwin-aarch64.zip"

[tools.bun."platforms.macos-x64"]
checksum = "sha256:4183df3374623e5bab315c547cfa0974533cd457d86b73b639f7a87974cd6633"
url = "https://github.com/oven-sh/bun/releases/download/bun-v1.3.14/bun-darwin-x64.zip"

[tools.bun."platforms.macos-x64-baseline"]
checksum = "sha256:3e35ad6f53971a9834bf9e6786e2adf72b5f1921cc9a9c5fde073d2972944076"
url = "https://github.com/oven-sh/bun/releases/download/bun-v1.3.14/bun-darwin-x64-baseline.zip"

[tools.bun."platforms.windows-x64"]
checksum = "sha256:0a0620930b6675d7ba440e81f4e0e00d3cfbe096c4b140d3fff02205e9e18922"
url = "https://github.com/oven-sh/bun/releases/download/bun-v1.3.14/bun-windows-x64.zip"

[tools.bun."platforms.windows-x64-baseline"]
checksum = "sha256:538f9c846355d9e847b2671bc00c47da4229a0befb24df3282b739770f3b475f"
url = "https://github.com/oven-sh/bun/releases/download/bun-v1.3.14/bun-windows-x64-baseline.zip"

[[tools.hk]]
version = "1.54.0"
backend = "aqua:jdx/hk"

[tools.hk."platforms.linux-arm64"]
checksum = "sha256:79458d7464bbdf63cd578ef9ece71003d3e53a993f9fa630888b93d3ae24dd79"
url = "https://github.com/jdx/hk/releases/download/v1.54.0/hk-aarch64-unknown-linux-gnu.tar.gz"
url_api = "https://api.github.com/repos/jdx/hk/releases/assets/496037128"

[tools.hk."platforms.linux-arm64-musl"]
checksum = "sha256:c1ad33f83265363440c7fc77656e604532049f038c42d7b8924fc43e5a3b935d"
url = "https://github.com/jdx/hk/releases/download/v1.54.0/hk-aarch64-unknown-linux-musl.tar.gz"
url_api = "https://api.github.com/repos/jdx/hk/releases/assets/496037132"

[tools.hk."platforms.linux-x64"]
checksum = "sha256:467f691713b1afbeada4df662bd44696405cd987a5c7f64fee0fe71399628d0c"
url = "https://github.com/jdx/hk/releases/download/v1.54.0/hk-x86_64-unknown-linux-gnu.tar.gz"
url_api = "https://api.github.com/repos/jdx/hk/releases/assets/496037136"

[tools.hk."platforms.linux-x64-musl"]
checksum = "sha256:ddce69611ce32a08b481dd3ccd5c700b1d535d12c86be784bc6d74b1d6256546"
url = "https://github.com/jdx/hk/releases/download/v1.54.0/hk-x86_64-unknown-linux-musl.tar.gz"
url_api = "https://api.github.com/repos/jdx/hk/releases/assets/496037135"

[tools.hk."platforms.macos-arm64"]
checksum = "sha256:54e47c56f64916e63004b68ae848637e3e90d06f89e3ae8de985ebc35fd9f7e7"
url = "https://github.com/jdx/hk/releases/download/v1.54.0/hk-aarch64-apple-darwin.tar.gz"
url_api = "https://api.github.com/repos/jdx/hk/releases/assets/496037130"

[tools.hk."platforms.windows-x64"]
checksum = "sha256:ab0f65942c89c72b322c700bf427926f54db84fd2827121eab03287144d2ec64"
url = "https://github.com/jdx/hk/releases/download/v1.54.0/hk-x86_64-pc-windows-msvc.zip"
url_api = "https://api.github.com/repos/jdx/hk/releases/assets/496037131"

[[tools.pkl]]
version = "0.32.1"
backend = "aqua:apple/pkl"

[tools.pkl."platforms.linux-arm64"]
checksum = "sha256:a76d2dd47da435a8f911b0347373f47c7e59ea54fb75ff846d20b8df10dba058"
url = "https://github.com/apple/pkl/releases/download/0.32.1/pkl-linux-aarch64"
url_api = "https://api.github.com/repos/apple/pkl/releases/assets/487426568"

[tools.pkl."platforms.linux-arm64-musl"]
checksum = "sha256:a76d2dd47da435a8f911b0347373f47c7e59ea54fb75ff846d20b8df10dba058"
url = "https://github.com/apple/pkl/releases/download/0.32.1/pkl-linux-aarch64"
url_api = "https://api.github.com/repos/apple/pkl/releases/assets/487426568"

[tools.pkl."platforms.linux-x64"]
checksum = "sha256:3180b62da95c0cad1d904e9bb6c5f4a8f9032413c21e53194bb91ff1ee5f3211"
url = "https://github.com/apple/pkl/releases/download/0.32.1/pkl-linux-amd64"
url_api = "https://api.github.com/repos/apple/pkl/releases/assets/487426567"

[tools.pkl."platforms.linux-x64-musl"]
checksum = "sha256:3180b62da95c0cad1d904e9bb6c5f4a8f9032413c21e53194bb91ff1ee5f3211"
url = "https://github.com/apple/pkl/releases/download/0.32.1/pkl-linux-amd64"
url_api = "https://api.github.com/repos/apple/pkl/releases/assets/487426567"

[tools.pkl."platforms.macos-arm64"]
checksum = "sha256:563eb51c9a20b16a3625464ed745c675ed9750381f2126722696a0d7cac1d9d3"
url = "https://github.com/apple/pkl/releases/download/0.32.1/pkl-macos-aarch64"
url_api = "https://api.github.com/repos/apple/pkl/releases/assets/487426570"

[tools.pkl."platforms.macos-x64"]
checksum = "sha256:5b74b903234047960144f66f2cebdd12d267d9b98e8155ed91d2ae5ed27e2d1f"
url = "https://github.com/apple/pkl/releases/download/0.32.1/pkl-macos-amd64"
url_api = "https://api.github.com/repos/apple/pkl/releases/assets/487426599"

[tools.pkl."platforms.windows-x64"]
checksum = "sha256:8550a00fcf027335e42c5e2cd553b88e98845408cb1880b3e3d1860caf46d22a"
url = "https://github.com/apple/pkl/releases/download/0.32.1/pkl-windows-amd64.exe"
url_api = "https://api.github.com/repos/apple/pkl/releases/assets/487426668"

[[tools.rumdl]]
version = "0.2.47"
backend = "aqua:rvben/rumdl"

[tools.rumdl."platforms.linux-arm64"]
checksum = "sha256:b5ab4207b92c0bf0ea6d8946f15545c787e8cf6ecf2176d9e7f26c43aead86a8"
url = "https://github.com/rvben/rumdl/releases/download/v0.2.47/rumdl-v0.2.47-aarch64-unknown-linux-musl.tar.gz"
url_api = "https://api.github.com/repos/rvben/rumdl/releases/assets/496024308"
provenance = "github-attestations"

[tools.rumdl."platforms.linux-arm64-musl"]
checksum = "sha256:b5ab4207b92c0bf0ea6d8946f15545c787e8cf6ecf2176d9e7f26c43aead86a8"
url = "https://github.com/rvben/rumdl/releases/download/v0.2.47/rumdl-v0.2.47-aarch64-unknown-linux-musl.tar.gz"
url_api = "https://api.github.com/repos/rvben/rumdl/releases/assets/496024308"
provenance = "github-attestations"

[tools.rumdl."platforms.linux-x64"]
checksum = "sha256:bd4049763e93d6c25420ec086dee6690af31efc85af463c3ecf5d686a5fcf762"
url = "https://github.com/rvben/rumdl/releases/download/v0.2.47/rumdl-v0.2.47-x86_64-unknown-linux-musl.tar.gz"
url_api = "https://api.github.com/repos/rvben/rumdl/releases/assets/496024316"
provenance = "github-attestations"

[tools.rumdl."platforms.linux-x64-musl"]
checksum = "sha256:bd4049763e93d6c25420ec086dee6690af31efc85af463c3ecf5d686a5fcf762"
url = "https://github.com/rvben/rumdl/releases/download/v0.2.47/rumdl-v0.2.47-x86_64-unknown-linux-musl.tar.gz"
url_api = "https://api.github.com/repos/rvben/rumdl/releases/assets/496024316"
provenance = "github-attestations"

[tools.rumdl."platforms.macos-arm64"]
checksum = "sha256:10dc23e994327ecc6e98d285802fcad1174608f203062cb18bac55b51976e0cb"
url = "https://github.com/rvben/rumdl/releases/download/v0.2.47/rumdl-v0.2.47-aarch64-apple-darwin.tar.gz"
url_api = "https://api.github.com/repos/rvben/rumdl/releases/assets/496024317"
provenance = "github-attestations"

[tools.rumdl."platforms.macos-x64"]
checksum = "sha256:9a2bf0c692310e0469fdc66fa83f74579cf0331cc1f9b306b25849cffd146c0f"
url = "https://github.com/rvben/rumdl/releases/download/v0.2.47/rumdl-v0.2.47-x86_64-apple-darwin.tar.gz"
url_api = "https://api.github.com/repos/rvben/rumdl/releases/assets/496024313"
provenance = "github-attestations"

[tools.rumdl."platforms.windows-x64"]
checksum = "sha256:a8811da5a7d1ab12b7d4c9adaeb2daae6a6a8c9a96d8ad44cbb67bc3394eafa1"
url = "https://github.com/rvben/rumdl/releases/download/v0.2.47/rumdl-v0.2.47-x86_64-pc-windows-msvc.zip"
url_api = "https://api.github.com/repos/rvben/rumdl/releases/assets/496024315"
provenance = "github-attestations"

[[tools.taplo]]
version = "0.10.0"
backend = "aqua:tamasfe/taplo"

[tools.taplo."platforms.linux-arm64"]
url = "https://github.com/tamasfe/taplo/releases/download/0.10.0/taplo-linux-aarch64.gz"
url_api = "https://api.github.com/repos/tamasfe/taplo/releases/assets/257322597"

[tools.taplo."platforms.linux-arm64-musl"]
url = "https://github.com/tamasfe/taplo/releases/download/0.10.0/taplo-linux-aarch64.gz"
url_api = "https://api.github.com/repos/tamasfe/taplo/releases/assets/257322597"

[tools.taplo."platforms.linux-x64"]
url = "https://github.com/tamasfe/taplo/releases/download/0.10.0/taplo-linux-x86_64.gz"
url_api = "https://api.github.com/repos/tamasfe/taplo/releases/assets/257322600"

[tools.taplo."platforms.linux-x64-musl"]
url = "https://github.com/tamasfe/taplo/releases/download/0.10.0/taplo-linux-x86_64.gz"
url_api = "https://api.github.com/repos/tamasfe/taplo/releases/assets/257322600"

[tools.taplo."platforms.macos-arm64"]
url = "https://github.com/tamasfe/taplo/releases/download/0.10.0/taplo-darwin-aarch64.gz"
url_api = "https://api.github.com/repos/tamasfe/taplo/releases/assets/257323110"

[tools.taplo."platforms.macos-x64"]
url = "https://github.com/tamasfe/taplo/releases/download/0.10.0/taplo-darwin-x86_64.gz"
url_api = "https://api.github.com/repos/tamasfe/taplo/releases/assets/257323116"

[tools.taplo."platforms.windows-x64"]
url = "https://github.com/tamasfe/taplo/releases/download/0.10.0/taplo-windows-x86_64.zip"
url_api = "https://api.github.com/repos/tamasfe/taplo/releases/assets/257323062"
